
Microsoft Visual Studio Solution File, Format Version 12.00
# Visual Studio Version 17
VisualStudioVersion = 17.14.36301.6 d17.14
MinimumVisualStudioVersion = 10.0.40219.1
Project("{FAE04EC0-301F-11D3-BF4B-00C04F79EFBC}") = "Simple Casino", "Simple Casino.csproj", "{0F1B59A8-1013-4DBF-BB56-E6D9D241674E}"
EndProject
Global
	GlobalSection(SolutionConfigurationPlatforms) = preSolution
		Debug|Any CPU = Debug|Any CPU
		Release|Any CPU = Release|Any CPU
	EndGlobalSection
	GlobalSection(ProjectConfigurationPlatforms) = postSolution
		{0F1B59A8-1013-4DBF-BB56-E6D9D241674E}.Debug|Any CPU.ActiveCfg = Debug|Any CPU
		{0F1B59A8-1013-4DBF-BB56-E6D9D241674E}.Debug|Any CPU.Build.0 = Debug|Any CPU
		{0F1B59A8-1013-4DBF-BB56-E6D9D241674E}.Release|Any CPU.ActiveCfg = Release|Any CPU
		{0F1B59A8-1013-4DBF-BB56-E6D9D241674E}.Release|Any CPU.Build.0 = Release|Any CPU
	EndGlobalSection
	GlobalSection(SolutionProperties) = preSolution
		HideSolutionNode = FALSE
	EndGlobalSection
	GlobalSection(ExtensibilityGlobals) = postSolution
		SolutionGuid = {7FB2193A-D446-4A7F-8BE1-B881E8E4D461}
	EndGlobalSection
EndGlobal
